{
  "name": "horseracing",
  "version": "1.0.0",
  "lockfileVersion": 2,
  "requires": true,
  "packages": {
    "": {
      "name": "horseracing",
      "version": "1.0.0",
      "license": "ISC",
      "dependencies": {
        "module_guide": "^4.0.11",
        "module_setting": "^4.0.6",
        "odin": "^4.0.5"
      }
    },
    "node_modules/module_guide": {
      "version": "4.0.11",
      "resolved": "http://verdaccio.metaapp.cn/module_guide/-/module_guide-4.0.11.tgz",
      "integrity": "sha512-kBEd009/HULJQmE2jlQSaelKzRzZmhX8MTyTL1fHI03nZ0VGyP1nq8mnuaA+QcFwE9bw/hZ/KOJ1UtDIuPxYqw==",
      "license": "ISC"
    },
    "node_modules/module_setting": {
      "version": "4.0.6",
      "resolved": "http://verdaccio.metaapp.cn/module_setting/-/module_setting-4.0.6.tgz",
      "integrity": "sha512-rE/82RY/FRzP3JzFXgA1KAZhEfVDdTJ9ODc1rrud2fg4lnej3Y1dL4e6FU9Bj7SxmxMhMu5/T/k3VupZIBc2sg==",
      "license": "ISC"
    },
    "node_modules/odin": {
      "version": "4.0.5",
      "resolved": "http://verdaccio.metaapp.cn/odin/-/odin-4.0.5.tgz",
      "integrity": "sha512-vB25+Tzw7mWyBIAy4QF7ng1dugqq2nBu/Ex+poPg9wG9WaiqOdeMQwJEX0+wLYTbPnunEZ/YqCcF91jA9luZGQ==",
      "license": "ISC"
    }
  },
  "dependencies": {
    "module_guide": {
      "version": "4.0.11",
      "resolved": "http://verdaccio.metaapp.cn/module_guide/-/module_guide-4.0.11.tgz",
      "integrity": "sha512-kBEd009/HULJQmE2jlQSaelKzRzZmhX8MTyTL1fHI03nZ0VGyP1nq8mnuaA+QcFwE9bw/hZ/KOJ1UtDIuPxYqw=="
    },
    "module_setting": {
      "version": "4.0.6",
      "resolved": "http://verdaccio.metaapp.cn/module_setting/-/module_setting-4.0.6.tgz",
      "integrity": "sha512-rE/82RY/FRzP3JzFXgA1KAZhEfVDdTJ9ODc1rrud2fg4lnej3Y1dL4e6FU9Bj7SxmxMhMu5/T/k3VupZIBc2sg=="
    },
    "odin": {
      "version": "4.0.5",
      "resolved": "http://verdaccio.metaapp.cn/odin/-/odin-4.0.5.tgz",
      "integrity": "sha512-vB25+Tzw7mWyBIAy4QF7ng1dugqq2nBu/Ex+poPg9wG9WaiqOdeMQwJEX0+wLYTbPnunEZ/YqCcF91jA9luZGQ=="
    }
  }
}
